
Microsoft Visual Studio Solution File, Format Version 12.00
# Visual Studio Version 17
VisualStudioVersion = 17.12.35707.178 d17.12
MinimumVisualStudioVersion = 10.0.40219.1
Project("{FAE04EC0-301F-11D3-BF4B-00C04F79EFBC}") = "Business", "Business\Business.csproj", "{9898F940-B6F2-4CA5-9141-300DD6CC5EAA}"
EndProject
Project("{FAE04EC0-301F-11D3-BF4B-00C04F79EFBC}") = "Persistent", "Persistent\Persistent.csproj", "{EEB980F3-1E4F-451C-A317-5468E029E6FE}"
EndProject
Project("{FAE04EC0-301F-11D3-BF4B-00C04F79EFBC}") = "Presentation", "Presentation\Presentation.csproj", "{5120CDAB-DC44-4EA9-AB52-01C9207965EF}"
EndProject
Global
	GlobalSection(SolutionConfigurationPlatforms) = preSolution
		Debug|Any CPU = Debug|Any CPU
		Release|Any CPU = Release|Any CPU
	EndGlobalSection
	GlobalSection(ProjectConfigurationPlatforms) = postSolution
		{9898F940-B6F2-4CA5-9141-300DD6CC5EAA}.Debug|Any CPU.ActiveCfg = Debug|Any CPU
		{9898F940-B6F2-4CA5-9141-300DD6CC5EAA}.Debug|Any CPU.Build.0 = Debug|Any CPU
		{9898F940-B6F2-4CA5-9141-300DD6CC5EAA}.Release|Any CPU.ActiveCfg = Release|Any CPU
		{9898F940-B6F2-4CA5-9141-300DD6CC5EAA}.Release|Any CPU.Build.0 = Release|Any CPU
		{EEB980F3-1E4F-451C-A317-5468E029E6FE}.Debug|Any CPU.ActiveCfg = Debug|Any CPU
		{EEB980F3-1E4F-451C-A317-5468E029E6FE}.Debug|Any CPU.Build.0 = Debug|Any CPU
		{EEB980F3-1E4F-451C-A317-5468E029E6FE}.Release|Any CPU.ActiveCfg = Release|Any CPU
		{EEB980F3-1E4F-451C-A317-5468E029E6FE}.Release|Any CPU.Build.0 = Release|Any CPU
		{5120CDAB-DC44-4EA9-AB52-01C9207965EF}.Debug|Any CPU.ActiveCfg = Debug|Any CPU
		{5120CDAB-DC44-4EA9-AB52-01C9207965EF}.Debug|Any CPU.Build.0 = Debug|Any CPU
		{5120CDAB-DC44-4EA9-AB52-01C9207965EF}.Release|Any CPU.ActiveCfg = Release|Any CPU
		{5120CDAB-DC44-4EA9-AB52-01C9207965EF}.Release|Any CPU.Build.0 = Release|Any CPU
	EndGlobalSection
	GlobalSection(SolutionProperties) = preSolution
		HideSolutionNode = FALSE
	EndGlobalSection
EndGlobal
